
Microsoft Visual Studio Solution File, Format Version 12.00
# Visual Studio Version 16
VisualStudioVersion = 16.0.29102.190
MinimumVisualStudioVersion = 10.0.40219.1
Project("{FAE04EC0-301F-11D3-BF4B-00C04F79EFBC}") = "HashMap", "HashMap.csproj", "{CB363098-39DC-403C-81A2-B556451E8E8C}"
EndProject
Project("{FAE04EC0-301F-11D3-BF4B-00C04F79EFBC}") = "HashMapTest", "..\HashMapTest\HashMapTest.csproj", "{72342A7F-BEB5-4B2E-B11C-FD3BA2DE1050}"
EndProject
Global
	GlobalSection(SolutionConfigurationPlatforms) = preSolution
		Debug|Any CPU = Debug|Any CPU
		Release|Any CPU = Release|Any CPU
	EndGlobalSection
	GlobalSection(ProjectConfigurationPlatforms) = postSolution
		{CB363098-39DC-403C-81A2-B556451E8E8C}.Debug|Any CPU.ActiveCfg = Debug|Any CPU
		{CB363098-39DC-403C-81A2-B556451E8E8C}.Debug|Any CPU.Build.0 = Debug|Any CPU
		{CB363098-39DC-403C-81A2-B556451E8E8C}.Release|Any CPU.ActiveCfg = Release|Any CPU
		{CB363098-39DC-403C-81A2-B556451E8E8C}.Release|Any CPU.Build.0 = Release|Any CPU
		{72342A7F-BEB5-4B2E-B11C-FD3BA2DE1050}.Debug|Any CPU.ActiveCfg = Debug|Any CPU
		{72342A7F-BEB5-4B2E-B11C-FD3BA2DE1050}.Debug|Any CPU.Build.0 = Debug|Any CPU
		{72342A7F-BEB5-4B2E-B11C-FD3BA2DE1050}.Release|Any CPU.ActiveCfg = Release|Any CPU
		{72342A7F-BEB5-4B2E-B11C-FD3BA2DE1050}.Release|Any CPU.Build.0 = Release|Any CPU
	EndGlobalSection
	GlobalSection(SolutionProperties) = preSolution
		HideSolutionNode = FALSE
	EndGlobalSection
	GlobalSection(ExtensibilityGlobals) = postSolution
		SolutionGuid = {5F7BB2F4-B485-4590-AD07-494896B0DD24}
	EndGlobalSection
EndGlobal
